
Microsoft Visual Studio Solution File, Format Version 12.00
# Visual Studio 2013
VisualStudioVersion = 12.0.21005.1
MinimumVisualStudioVersion = 10.0.40219.1
Project("{FAE04EC0-301F-11D3-BF4B-00C04F79EFBC}") = "MyDiary.Data", "MyDiary.Data\MyDiary.Data.csproj", "{0A1E4BFA-0F26-4532-AF02-29B388491EC9}"
EndProject
Project("{FAE04EC0-301F-11D3-BF4B-00C04F79EFBC}") = "MyDiary.Services", "MyDiary.Services\MyDiary.Services.csproj", "{68A17371-8F37-4AAF-A057-A4E231B28015}"
EndProject
Project("{FAE04EC0-301F-11D3-BF4B-00C04F79EFBC}") = "MyDiary.API", "MyDiary.API\MyDiary.API.csproj", "{365F7B9B-65F0-4F86-B46F-186A6A4AE447}"
EndProject
Global
	GlobalSection(SolutionConfigurationPlatforms) = preSolution
		Debug|Any CPU = Debug|Any CPU
		Release|Any CPU = Release|Any CPU
	EndGlobalSection
	GlobalSection(ProjectConfigurationPlatforms) = postSolution
		{0A1E4BFA-0F26-4532-AF02-29B388491EC9}.Debug|Any CPU.ActiveCfg = Debug|Any CPU
		{0A1E4BFA-0F26-4532-AF02-29B388491EC9}.Debug|Any CPU.Build.0 = Debug|Any CPU
		{0A1E4BFA-0F26-4532-AF02-29B388491EC9}.Release|Any CPU.ActiveCfg = Release|Any CPU
		{0A1E4BFA-0F26-4532-AF02-29B388491EC9}.Release|Any CPU.Build.0 = Release|Any CPU
		{68A17371-8F37-4AAF-A057-A4E231B28015}.Debug|Any CPU.ActiveCfg = Debug|Any CPU
		{68A17371-8F37-4AAF-A057-A4E231B28015}.Debug|Any CPU.Build.0 = Debug|Any CPU
		{68A17371-8F37-4AAF-A057-A4E231B28015}.Release|Any CPU.ActiveCfg = Release|Any CPU
		{68A17371-8F37-4AAF-A057-A4E231B28015}.Release|Any CPU.Build.0 = Release|Any CPU
		{365F7B9B-65F0-4F86-B46F-186A6A4AE447}.Debug|Any CPU.ActiveCfg = Debug|Any CPU
		{365F7B9B-65F0-4F86-B46F-186A6A4AE447}.Debug|Any CPU.Build.0 = Debug|Any CPU
		{365F7B9B-65F0-4F86-B46F-186A6A4AE447}.Release|Any CPU.ActiveCfg = Release|Any CPU
		{365F7B9B-65F0-4F86-B46F-186A6A4AE447}.Release|Any CPU.Build.0 = Release|Any CPU
	EndGlobalSection
	GlobalSection(SolutionProperties) = preSolution
		HideSolutionNode = FALSE
	EndGlobalSection
EndGlobal
