
Microsoft Visual Studio Solution File, Format Version 12.00
# Visual Studio 2013
VisualStudioVersion = 12.0.21005.1
MinimumVisualStudioVersion = 10.0.40219.1
Project("{FAE04EC0-301F-11D3-BF4B-00C04F79EFBC}") = "AngularMobileApp.API", "AngularMobileApp.API\AngularMobileApp.API.csproj", "{6E5B9042-54EA-47CD-A6FF-8CE541301FF0}"
EndProject
Project("{FAE04EC0-301F-11D3-BF4B-00C04F79EFBC}") = "AngularMobileApp.Client", "AngularMobileApp.Client\AngularMobileApp.Client.csproj", "{2D2AFC74-7CBB-43AC-A475-3944A8A36901}"
EndProject
Global
	GlobalSection(SolutionConfigurationPlatforms) = preSolution
		Debug|Any CPU = Debug|Any CPU
		Release|Any CPU = Release|Any CPU
	EndGlobalSection
	GlobalSection(ProjectConfigurationPlatforms) = postSolution
		{6E5B9042-54EA-47CD-A6FF-8CE541301FF0}.Debug|Any CPU.ActiveCfg = Debug|Any CPU
		{6E5B9042-54EA-47CD-A6FF-8CE541301FF0}.Debug|Any CPU.Build.0 = Debug|Any CPU
		{6E5B9042-54EA-47CD-A6FF-8CE541301FF0}.Release|Any CPU.ActiveCfg = Release|Any CPU
		{6E5B9042-54EA-47CD-A6FF-8CE541301FF0}.Release|Any CPU.Build.0 = Release|Any CPU
		{2D2AFC74-7CBB-43AC-A475-3944A8A36901}.Debug|Any CPU.ActiveCfg = Debug|Any CPU
		{2D2AFC74-7CBB-43AC-A475-3944A8A36901}.Debug|Any CPU.Build.0 = Debug|Any CPU
		{2D2AFC74-7CBB-43AC-A475-3944A8A36901}.Release|Any CPU.ActiveCfg = Release|Any CPU
		{2D2AFC74-7CBB-43AC-A475-3944A8A36901}.Release|Any CPU.Build.0 = Release|Any CPU
	EndGlobalSection
	GlobalSection(SolutionProperties) = preSolution
		HideSolutionNode = FALSE
	EndGlobalSection
EndGlobal
